
Microsoft Visual Studio Solution File, Format Version 12.00
# Visual Studio Version 17
VisualStudioVersion = 17.5.002.0
MinimumVisualStudioVersion = 10.0.40219.1
Project("{9A19103F-16F7-4668-BE54-9A1E7A4F7556}") = "L13 - Marcela Nicole - 1102124", "L13 - Marcela Nicole - 1102124.csproj", "{94435839-B1CD-47DA-A81A-7ADB4182CEBD}"
EndProject
Global
	GlobalSection(SolutionConfigurationPlatforms) = preSolution
		Debug|Any CPU = Debug|Any CPU
		Release|Any CPU = Release|Any CPU
	EndGlobalSection
	GlobalSection(ProjectConfigurationPlatforms) = postSolution
		{94435839-B1CD-47DA-A81A-7ADB4182CEBD}.Debug|Any CPU.ActiveCfg = Debug|Any CPU
		{94435839-B1CD-47DA-A81A-7ADB4182CEBD}.Debug|Any CPU.Build.0 = Debug|Any CPU
		{94435839-B1CD-47DA-A81A-7ADB4182CEBD}.Release|Any CPU.ActiveCfg = Release|Any CPU
		{94435839-B1CD-47DA-A81A-7ADB4182CEBD}.Release|Any CPU.Build.0 = Release|Any CPU
	EndGlobalSection
	GlobalSection(SolutionProperties) = preSolution
		HideSolutionNode = FALSE
	EndGlobalSection
	GlobalSection(ExtensibilityGlobals) = postSolution
		SolutionGuid = {BC83FDAC-04AD-4E9C-92EC-99ED159BE0BB}
	EndGlobalSection
EndGlobal
